
Microsoft Visual Studio Solution File, Format Version 12.00
# Visual Studio Version 16
VisualStudioVersion = 16.0.31112.23
MinimumVisualStudioVersion = 10.0.40219.1
Project("{8BC9CEB8-8B4A-11D0-8D11-00A0C91BC942}") = "test 4.26", "test 4.26\test 4.26.vcxproj", "{28B2169C-1BE0-461D-BEA6-DF07D385F318}"
EndProject
Global
	GlobalSection(SolutionConfigurationPlatforms) = preSolution
		Debug|x64 = Debug|x64
		Debug|x86 = Debug|x86
		Release|x64 = Release|x64
		Release|x86 = Release|x86
	EndGlobalSection
	GlobalSection(ProjectConfigurationPlatforms) = postSolution
		{28B2169C-1BE0-461D-BEA6-DF07D385F318}.Debug|x64.ActiveCfg = Debug|x64
		{28B2169C-1BE0-461D-BEA6-DF07D385F318}.Debug|x64.Build.0 = Debug|x64
		{28B2169C-1BE0-461D-BEA6-DF07D385F318}.Debug|x86.ActiveCfg = Debug|Win32
		{28B2169C-1BE0-461D-BEA6-DF07D385F318}.Debug|x86.Build.0 = Debug|Win32
		{28B2169C-1BE0-461D-BEA6-DF07D385F318}.Release|x64.ActiveCfg = Release|x64
		{28B2169C-1BE0-461D-BEA6-DF07D385F318}.Release|x64.Build.0 = Release|x64
		{28B2169C-1BE0-461D-BEA6-DF07D385F318}.Release|x86.ActiveCfg = Release|Win32
		{28B2169C-1BE0-461D-BEA6-DF07D385F318}.Release|x86.Build.0 = Release|Win32
	EndGlobalSection
	GlobalSection(SolutionProperties) = preSolution
		HideSolutionNode = FALSE
	EndGlobalSection
	GlobalSection(ExtensibilityGlobals) = postSolution
		SolutionGuid = {82A43392-AFD0-4421-998A-221D97791122}
	EndGlobalSection
EndGlobal
